
Microsoft Visual Studio Solution File, Format Version 12.00
# Visual Studio Version 16
VisualStudioVersion = 16.0.29009.5
MinimumVisualStudioVersion = 10.0.40219.1
Project("{FAE04EC0-301F-11D3-BF4B-00C04F79EFBC}") = "EssentialsMSPTechDays.UWP", "EssentialsMSPTechDays\EssentialsMSPTechDays.UWP\EssentialsMSPTechDays.UWP.csproj", "{738F73E8-5564-4FAE-B2DA-1FD159CF8583}"
EndProject
Project("{FAE04EC0-301F-11D3-BF4B-00C04F79EFBC}") = "EssentialsMSPTechDays.Android", "EssentialsMSPTechDays\EssentialsMSPTechDays.Android\EssentialsMSPTechDays.Android.csproj", "{3C77D065-F78C-4605-8925-6E5F373223D0}"
EndProject
Project("{FAE04EC0-301F-11D3-BF4B-00C04F79EFBC}") = "EssentialsMSPTechDays.iOS", "EssentialsMSPTechDays\EssentialsMSPTechDays.iOS\EssentialsMSPTechDays.iOS.csproj", "{6B58B114-3A7F-4E18-9033-E1919AC5BEDB}"
EndProject
Project("{FAE04EC0-301F-11D3-BF4B-00C04F79EFBC}") = "EssentialsMSPTechDays", "EssentialsMSPTechDays\EssentialsMSPTechDays\EssentialsMSPTechDays.csproj", "{2A267F5F-FDA9-494A-9D11-20735D5C7EC8}"
EndProject
Global
	GlobalSection(SolutionConfigurationPlatforms) = preSolution
		Debug|Any CPU = Debug|Any CPU
		Debug|ARM = Debug|ARM
		Debug|iPhone = Debug|iPhone
		Debug|iPhoneSimulator = Debug|iPhoneSimulator
		Debug|x64 = Debug|x64
		Debug|x86 = Debug|x86
		Release|Any CPU = Release|Any CPU
		Release|ARM = Release|ARM
		Release|iPhone = Release|iPhone
		Release|iPhoneSimulator = Release|iPhoneSimulator
		Release|x64 = Release|x64
		Release|x86 = Release|x86
	EndGlobalSection
	GlobalSection(ProjectConfigurationPlatforms) = postSolution
		{738F73E8-5564-4FAE-B2DA-1FD159CF8583}.Debug|Any CPU.ActiveCfg = Debug|x86
		{738F73E8-5564-4FAE-B2DA-1FD159CF8583}.Debug|Any CPU.Build.0 = Debug|x86
		{738F73E8-5564-4FAE-B2DA-1FD159CF8583}.Debug|Any CPU.Deploy.0 = Debug|x86
		{738F73E8-5564-4FAE-B2DA-1FD159CF8583}.Debug|ARM.ActiveCfg = Debug|ARM
		{738F73E8-5564-4FAE-B2DA-1FD159CF8583}.Debug|ARM.Build.0 = Debug|ARM
		{738F73E8-5564-4FAE-B2DA-1FD159CF8583}.Debug|ARM.Deploy.0 = Debug|ARM
		{738F73E8-5564-4FAE-B2DA-1FD159CF8583}.Debug|iPhone.ActiveCfg = Debug|x86
		{738F73E8-5564-4FAE-B2DA-1FD159CF8583}.Debug|iPhone.Build.0 = Debug|x86
		{738F73E8-5564-4FAE-B2DA-1FD159CF8583}.Debug|iPhone.Deploy.0 = Debug|x86
		{738F73E8-5564-4FAE-B2DA-1FD159CF8583}.Debug|iPhoneSimulator.ActiveCfg = Debug|x86
		{738F73E8-5564-4FAE-B2DA-1FD159CF8583}.Debug|iPhoneSimulator.Build.0 = Debug|x86
		{738F73E8-5564-4FAE-B2DA-1FD159CF8583}.Debug|iPhoneSimulator.Deploy.0 = Debug|x86
		{738F73E8-5564-4FAE-B2DA-1FD159CF8583}.Debug|x64.ActiveCfg = Debug|x64
		{738F73E8-5564-4FAE-B2DA-1FD159CF8583}.Debug|x64.Build.0 = Debug|x64
		{738F73E8-5564-4FAE-B2DA-1FD159CF8583}.Debug|x64.Deploy.0 = Debug|x64
		{738F73E8-5564-4FAE-B2DA-1FD159CF8583}.Debug|x86.ActiveCfg = Debug|x86
		{738F73E8-5564-4FAE-B2DA-1FD159CF8583}.Debug|x86.Build.0 = Debug|x86
		{738F73E8-5564-4FAE-B2DA-1FD159CF8583}.Debug|x86.Deploy.0 = Debug|x86
		{738F73E8-5564-4FAE-B2DA-1FD159CF8583}.Release|Any CPU.ActiveCfg = Release|x86
		{738F73E8-5564-4FAE-B2DA-1FD159CF8583}.Release|Any CPU.Build.0 = Release|x86
		{738F73E8-5564-4FAE-B2DA-1FD159CF8583}.Release|Any CPU.Deploy.0 = Release|x86
		{738F73E8-5564-4FAE-B2DA-1FD159CF8583}.Release|ARM.ActiveCfg = Release|ARM
		{738F73E8-5564-4FAE-B2DA-1FD159CF8583}.Release|ARM.Build.0 = Release|ARM
		{738F73E8-5564-4FAE-B2DA-1FD159CF8583}.Release|ARM.Deploy.0 = Release|ARM
		{738F73E8-5564-4FAE-B2DA-1FD159CF8583}.Release|iPhone.ActiveCfg = Release|x86
		{738F73E8-5564-4FAE-B2DA-1FD159CF8583}.Release|iPhone.Build.0 = Release|x86
		{738F73E8-5564-4FAE-B2DA-1FD159CF8583}.Release|iPhone.Deploy.0 = Release|x86
		{738F73E8-5564-4FAE-B2DA-1FD159CF8583}.Release|iPhoneSimulator.ActiveCfg = Release|x86
		{738F73E8-5564-4FAE-B2DA-1FD159CF8583}.Release|iPhoneSimulator.Build.0 = Release|x86
		{738F73E8-5564-4FAE-B2DA-1FD159CF8583}.Release|iPhoneSimulator.Deploy.0 = Release|x86
		{738F73E8-5564-4FAE-B2DA-1FD159CF8583}.Release|x64.ActiveCfg = Release|x64
		{738F73E8-5564-4FAE-B2DA-1FD159CF8583}.Release|x64.Build.0 = Release|x64
		{738F73E8-5564-4FAE-B2DA-1FD159CF8583}.Release|x64.Deploy.0 = Release|x64
		{738F73E8-5564-4FAE-B2DA-1FD159CF8583}.Release|x86.ActiveCfg = Release|x86
		{738F73E8-5564-4FAE-B2DA-1FD159CF8583}.Release|x86.Build.0 = Release|x86
		{738F73E8-5564-4FAE-B2DA-1FD159CF8583}.Release|x86.Deploy.0 = Release|x86
		{3C77D065-F78C-4605-8925-6E5F373223D0}.Debug|Any CPU.ActiveCfg = Debug|Any CPU
		{3C77D065-F78C-4605-8925-6E5F373223D0}.Debug|Any CPU.Build.0 = Debug|Any CPU
		{3C77D065-F78C-4605-8925-6E5F373223D0}.Debug|Any CPU.Deploy.0 = Debug|Any CPU
		{3C77D065-F78C-4605-8925-6E5F373223D0}.Debug|ARM.ActiveCfg = Debug|Any CPU
		{3C77D065-F78C-4605-8925-6E5F373223D0}.Debug|ARM.Build.0 = Debug|Any CPU
		{3C77D065-F78C-4605-8925-6E5F373223D0}.Debug|ARM.Deploy.0 = Debug|Any CPU
		{3C77D065-F78C-4605-8925-6E5F373223D0}.Debug|iPhone.ActiveCfg = Debug|Any CPU
		{3C77D065-F78C-4605-8925-6E5F373223D0}.Debug|iPhone.Build.0 = Debug|Any CPU
		{3C77D065-F78C-4605-8925-6E5F373223D0}.Debug|iPhone.Deploy.0 = Debug|Any CPU
		{3C77D065-F78C-4605-8925-6E5F373223D0}.Debug|iPhoneSimulator.ActiveCfg = Debug|Any CPU
		{3C77D065-F78C-4605-8925-6E5F373223D0}.Debug|iPhoneSimulator.Build.0 = Debug|Any CPU
		{3C77D065-F78C-4605-8925-6E5F373223D0}.Debug|iPhoneSimulator.Deploy.0 = Debug|Any CPU
		{3C77D065-F78C-4605-8925-6E5F373223D0}.Debug|x64.ActiveCfg = Debug|Any CPU
		{3C77D065-F78C-4605-8925-6E5F373223D0}.Debug|x64.Build.0 = Debug|Any CPU
		{3C77D065-F78C-4605-8925-6E5F373223D0}.Debug|x64.Deploy.0 = Debug|Any CPU
		{3C77D065-F78C-4605-8925-6E5F373223D0}.Debug|x86.ActiveCfg = Debug|Any CPU
		{3C77D065-F78C-4605-8925-6E5F373223D0}.Debug|x86.Build.0 = Debug|Any CPU
		{3C77D065-F78C-4605-8925-6E5F373223D0}.Debug|x86.Deploy.0 = Debug|Any CPU
		{3C77D065-F78C-4605-8925-6E5F373223D0}.Release|Any CPU.ActiveCfg = Release|Any CPU
		{3C77D065-F78C-4605-8925-6E5F373223D0}.Release|Any CPU.Build.0 = Release|Any CPU
		{3C77D065-F78C-4605-8925-6E5F373223D0}.Release|Any CPU.Deploy.0 = Release|Any CPU
		{3C77D065-F78C-4605-8925-6E5F373223D0}.Release|ARM.ActiveCfg = Release|Any CPU
		{3C77D065-F78C-4605-8925-6E5F373223D0}.Release|ARM.Build.0 = Release|Any CPU
		{3C77D065-F78C-4605-8925-6E5F373223D0}.Release|ARM.Deploy.0 = Release|Any CPU
		{3C77D065-F78C-4605-8925-6E5F373223D0}.Release|iPhone.ActiveCfg = Release|Any CPU
		{3C77D065-F78C-4605-8925-6E5F373223D0}.Release|iPhone.Build.0 = Release|Any CPU
		{3C77D065-F78C-4605-8925-6E5F373223D0}.Release|iPhone.Deploy.0 = Release|Any CPU
		{3C77D065-F78C-4605-8925-6E5F373223D0}.Release|iPhoneSimulator.ActiveCfg = Release|Any CPU
		{3C77D065-F78C-4605-8925-6E5F373223D0}.Release|iPhoneSimulator.Build.0 = Release|Any CPU
		{3C77D065-F78C-4605-8925-6E5F373223D0}.Release|iPhoneSimulator.Deploy.0 = Release|Any CPU
		{3C77D065-F78C-4605-8925-6E5F373223D0}.Release|x64.ActiveCfg = Release|Any CPU
		{3C77D065-F78C-4605-8925-6E5F373223D0}.Release|x64.Build.0 = Release|Any CPU
		{3C77D065-F78C-4605-8925-6E5F373223D0}.Release|x64.Deploy.0 = Release|Any CPU
		{3C77D065-F78C-4605-8925-6E5F373223D0}.Release|x86.ActiveCfg = Release|Any CPU
		{3C77D065-F78C-4605-8925-6E5F373223D0}.Release|x86.Build.0 = Release|Any CPU
		{3C77D065-F78C-4605-8925-6E5F373223D0}.Release|x86.Deploy.0 = Release|Any CPU
		{6B58B114-3A7F-4E18-9033-E1919AC5BEDB}.Debug|Any CPU.ActiveCfg = Debug|iPhone
		{6B58B114-3A7F-4E18-9033-E1919AC5BEDB}.Debug|Any CPU.Build.0 = Debug|iPhone
		{6B58B114-3A7F-4E18-9033-E1919AC5BEDB}.Debug|Any CPU.Deploy.0 = Debug|iPhone
		{6B58B114-3A7F-4E18-9033-E1919AC5BEDB}.Debug|ARM.ActiveCfg = Debug|iPhoneSimulator
		{6B58B114-3A7F-4E18-9033-E1919AC5BEDB}.Debug|ARM.Build.0 = Debug|iPhoneSimulator
		{6B58B114-3A7F-4E18-9033-E1919AC5BEDB}.Debug|ARM.Deploy.0 = Debug|iPhoneSimulator
		{6B58B114-3A7F-4E18-9033-E1919AC5BEDB}.Debug|iPhone.ActiveCfg = Debug|iPhone
		{6B58B114-3A7F-4E18-9033-E1919AC5BEDB}.Debug|iPhone.Build.0 = Debug|iPhone
		{6B58B114-3A7F-4E18-9033-E1919AC5BEDB}.Debug|iPhone.Deploy.0 = Debug|iPhone
		{6B58B114-3A7F-4E18-9033-E1919AC5BEDB}.Debug|iPhoneSimulator.ActiveCfg = Debug|iPhoneSimulator
		{6B58B114-3A7F-4E18-9033-E1919AC5BEDB}.Debug|iPhoneSimulator.Build.0 = Debug|iPhoneSimulator
		{6B58B114-3A7F-4E18-9033-E1919AC5BEDB}.Debug|iPhoneSimulator.Deploy.0 = Debug|iPhoneSimulator
		{6B58B114-3A7F-4E18-9033-E1919AC5BEDB}.Debug|x64.ActiveCfg = Debug|iPhone
		{6B58B114-3A7F-4E18-9033-E1919AC5BEDB}.Debug|x64.Build.0 = Debug|iPhone
		{6B58B114-3A7F-4E18-9033-E1919AC5BEDB}.Debug|x64.Deploy.0 = Debug|iPhone
		{6B58B114-3A7F-4E18-9033-E1919AC5BEDB}.Debug|x86.ActiveCfg = Debug|iPhone
		{6B58B114-3A7F-4E18-9033-E1919AC5BEDB}.Debug|x86.Build.0 = Debug|iPhone
		{6B58B114-3A7F-4E18-9033-E1919AC5BEDB}.Debug|x86.Deploy.0 = Debug|iPhone
		{6B58B114-3A7F-4E18-9033-E1919AC5BEDB}.Release|Any CPU.ActiveCfg = Release|iPhone
		{6B58B114-3A7F-4E18-9033-E1919AC5BEDB}.Release|Any CPU.Build.0 = Release|iPhone
		{6B58B114-3A7F-4E18-9033-E1919AC5BEDB}.Release|Any CPU.Deploy.0 = Release|iPhone
		{6B58B114-3A7F-4E18-9033-E1919AC5BEDB}.Release|ARM.ActiveCfg = Release|iPhone
		{6B58B114-3A7F-4E18-9033-E1919AC5BEDB}.Release|ARM.Build.0 = Release|iPhone
		{6B58B114-3A7F-4E18-9033-E1919AC5BEDB}.Release|ARM.Deploy.0 = Release|iPhone
		{6B58B114-3A7F-4E18-9033-E1919AC5BEDB}.Release|iPhone.ActiveCfg = Release|iPhone
		{6B58B114-3A7F-4E18-9033-E1919AC5BEDB}.Release|iPhone.Build.0 = Release|iPhone
		{6B58B114-3A7F-4E18-9033-E1919AC5BEDB}.Release|iPhone.Deploy.0 = Release|iPhone
		{6B58B114-3A7F-4E18-9033-E1919AC5BEDB}.Release|iPhoneSimulator.ActiveCfg = Release|iPhoneSimulator
		{6B58B114-3A7F-4E18-9033-E1919AC5BEDB}.Release|iPhoneSimulator.Build.0 = Release|iPhoneSimulator
		{6B58B114-3A7F-4E18-9033-E1919AC5BEDB}.Release|iPhoneSimulator.Deploy.0 = Release|iPhoneSimulator
		{6B58B114-3A7F-4E18-9033-E1919AC5BEDB}.Release|x64.ActiveCfg = Release|iPhone
		{6B58B114-3A7F-4E18-9033-E1919AC5BEDB}.Release|x64.Build.0 = Release|iPhone
		{6B58B114-3A7F-4E18-9033-E1919AC5BEDB}.Release|x64.Deploy.0 = Release|iPhone
		{6B58B114-3A7F-4E18-9033-E1919AC5BEDB}.Release|x86.ActiveCfg = Release|iPhone
		{6B58B114-3A7F-4E18-9033-E1919AC5BEDB}.Release|x86.Build.0 = Release|iPhone
		{6B58B114-3A7F-4E18-9033-E1919AC5BEDB}.Release|x86.Deploy.0 = Release|iPhone
		{2A267F5F-FDA9-494A-9D11-20735D5C7EC8}.Debug|Any CPU.ActiveCfg = Debug|Any CPU
		{2A267F5F-FDA9-494A-9D11-20735D5C7EC8}.Debug|Any CPU.Build.0 = Debug|Any CPU
		{2A267F5F-FDA9-494A-9D11-20735D5C7EC8}.Debug|Any CPU.Deploy.0 = Debug|Any CPU
		{2A267F5F-FDA9-494A-9D11-20735D5C7EC8}.Debug|ARM.ActiveCfg = Debug|Any CPU
		{2A267F5F-FDA9-494A-9D11-20735D5C7EC8}.Debug|ARM.Build.0 = Debug|Any CPU
		{2A267F5F-FDA9-494A-9D11-20735D5C7EC8}.Debug|ARM.Deploy.0 = Debug|Any CPU
		{2A267F5F-FDA9-494A-9D11-20735D5C7EC8}.Debug|iPhone.ActiveCfg = Debug|Any CPU
		{2A267F5F-FDA9-494A-9D11-20735D5C7EC8}.Debug|iPhone.Build.0 = Debug|Any CPU
		{2A267F5F-FDA9-494A-9D11-20735D5C7EC8}.Debug|iPhone.Deploy.0 = Debug|Any CPU
		{2A267F5F-FDA9-494A-9D11-20735D5C7EC8}.Debug|iPhoneSimulator.ActiveCfg = Debug|Any CPU
		{2A267F5F-FDA9-494A-9D11-20735D5C7EC8}.Debug|iPhoneSimulator.Build.0 = Debug|Any CPU
		{2A267F5F-FDA9-494A-9D11-20735D5C7EC8}.Debug|iPhoneSimulator.Deploy.0 = Debug|Any CPU
		{2A267F5F-FDA9-494A-9D11-20735D5C7EC8}.Debug|x64.ActiveCfg = Debug|Any CPU
		{2A267F5F-FDA9-494A-9D11-20735D5C7EC8}.Debug|x64.Build.0 = Debug|Any CPU
		{2A267F5F-FDA9-494A-9D11-20735D5C7EC8}.Debug|x64.Deploy.0 = Debug|Any CPU
		{2A267F5F-FDA9-494A-9D11-20735D5C7EC8}.Debug|x86.ActiveCfg = Debug|Any CPU
		{2A267F5F-FDA9-494A-9D11-20735D5C7EC8}.Debug|x86.Build.0 = Debug|Any CPU
		{2A267F5F-FDA9-494A-9D11-20735D5C7EC8}.Debug|x86.Deploy.0 = Debug|Any CPU
		{2A267F5F-FDA9-494A-9D11-20735D5C7EC8}.Release|Any CPU.ActiveCfg = Release|Any CPU
		{2A267F5F-FDA9-494A-9D11-20735D5C7EC8}.Release|Any CPU.Build.0 = Release|Any CPU
		{2A267F5F-FDA9-494A-9D11-20735D5C7EC8}.Release|Any CPU.Deploy.0 = Release|Any CPU
		{2A267F5F-FDA9-494A-9D11-20735D5C7EC8}.Release|ARM.ActiveCfg = Release|Any CPU
		{2A267F5F-FDA9-494A-9D11-20735D5C7EC8}.Release|ARM.Build.0 = Release|Any CPU
		{2A267F5F-FDA9-494A-9D11-20735D5C7EC8}.Release|ARM.Deploy.0 = Release|Any CPU
		{2A267F5F-FDA9-494A-9D11-20735D5C7EC8}.Release|iPhone.ActiveCfg = Release|Any CPU
		{2A267F5F-FDA9-494A-9D11-20735D5C7EC8}.Release|iPhone.Build.0 = Release|Any CPU
		{2A267F5F-FDA9-494A-9D11-20735D5C7EC8}.Release|iPhone.Deploy.0 = Release|Any CPU
		{2A267F5F-FDA9-494A-9D11-20735D5C7EC8}.Release|iPhoneSimulator.ActiveCfg = Release|Any CPU
		{2A267F5F-FDA9-494A-9D11-20735D5C7EC8}.Release|iPhoneSimulator.Build.0 = Release|Any CPU
		{2A267F5F-FDA9-494A-9D11-20735D5C7EC8}.Release|iPhoneSimulator.Deploy.0 = Release|Any CPU
		{2A267F5F-FDA9-494A-9D11-20735D5C7EC8}.Release|x64.ActiveCfg = Release|Any CPU
		{2A267F5F-FDA9-494A-9D11-20735D5C7EC8}.Release|x64.Build.0 = Release|Any CPU
		{2A267F5F-FDA9-494A-9D11-20735D5C7EC8}.Release|x64.Deploy.0 = Release|Any CPU
		{2A267F5F-FDA9-494A-9D11-20735D5C7EC8}.Release|x86.ActiveCfg = Release|Any CPU
		{2A267F5F-FDA9-494A-9D11-20735D5C7EC8}.Release|x86.Build.0 = Release|Any CPU
		{2A267F5F-FDA9-494A-9D11-20735D5C7EC8}.Release|x86.Deploy.0 = Release|Any CPU
	EndGlobalSection
	GlobalSection(SolutionProperties) = preSolution
		HideSolutionNode = FALSE
	EndGlobalSection
	GlobalSection(ExtensibilityGlobals) = postSolution
		SolutionGuid = {6FBABA22-D28D-432A-9AD1-86A0ECC231C2}
	EndGlobalSection
EndGlobal
